github.com/google/go-cmp v0.5.9 h1:O2Tfq5qg4qc4AmwVlvv0oLiVAGB7enBSJ2x2DqQFi38=
github.com/google/go-cmp v0.5.9/go.mod h1:17dUlkBOakJ0+DkrSSNjCkIjxS6bF9zb3elmeNGIjoY=
gotest.tools/v3 v3.5.1 h1:EENdUnS3pdur5nybKYIh2Vfgc8IUNBjxDPSjtiJcOzU=
gotest.tools/v3 v3.5.1/go.mod h1:isy3WKz7GK6uNw/sbHzfKBLvlvXwUyV06n6brMxxopU=
lesiw.io/flag v0.4.0 h1:IX9YiY9i2VyViwVzcskOnJhEDBIOIhG12QvbXshG2WM=
lesiw.io/flag v0.4.0/go.mod h1:EMHI0rXVNIOZRzsAb4O09XXuI63ZKMj6mUP/2KCeQZ8=
